{
  "name": "tw5-graph",
  "version": "1.6.0",
  "lockfileVersion": 3,
  "requires": true,
  "packages": {
    "": {
      "name": "tw5-graph",
      "version": "1.6.0",
      "license": "BSD-3-Clause",
      "dependencies": {
        "tiddlywiki": "^5.3.8"
      },
      "devDependencies": {
        "tw5-relink": "github:flibbles/tw5-relink",
        "tw5-vis-network": "github:flibbles/tw5-vis-network"
      }
    },
    "node_modules/tiddlywiki": {
      "version": "5.3.8",
      "resolved": "https://registry.npmjs.org/tiddlywiki/-/tiddlywiki-5.3.8.tgz",
      "integrity": "sha512-T25acZfdhAX/lUVPY/9SXo7bMJKgSaMs5PDOb83S2WKbTCD7DnOUQ4aC3qDy0j5XqlCn4ih3mzMWct3xnQx+Mw==",
      "bin": {
        "tiddlywiki": "tiddlywiki.js"
      },
      "engines": {
        "node": ">=0.8.2"
      }
    },
    "node_modules/tw5-relink": {
      "version": "2.5.2",
      "resolved": "git+ssh://git@github.com/flibbles/tw5-relink.git#07c9eeb8dbfa67f33ecd403da6f314dde161c09b",
      "dev": true,
      "license": "BSD-3-Clause",
      "dependencies": {
        "tiddlywiki": "^5.1.22"
      }
    },
    "node_modules/tw5-vis-network": {
      "version": "10.5.0",
      "resolved": "git+ssh://git@github.com/flibbles/tw5-vis-network.git#df3d42269f68268561423a02fcb201a41ef767e0",
      "dev": true,
      "license": "BSD-3-Clause"
    }
  }
}
