{
  "name": "tw5-graph",
  "version": "1.6.3",
  "lockfileVersion": 3,
  "requires": true,
  "packages": {
    "": {
      "name": "tw5-graph",
      "version": "1.6.3",
      "license": "BSD-3-Clause",
      "dependencies": {
        "tiddlywiki": "^5.3.8"
      },
      "devDependencies": {
        "mermaid-tw5": "github:flibbles/mermaid-tw5",
        "tw5-relink": "github:flibbles/tw5-relink",
        "tw5-vis-network": "github:flibbles/tw5-vis-network#v10.5.5"
      }
    },
    "node_modules/mermaid-tw5": {
      "version": "0.3.9",
      "resolved": "git+ssh://git@github.com/flibbles/mermaid-tw5.git#2da00926303b77ca42dbd26a12278f1303c8934f",
      "dev": true,
      "license": "MIT-Clause"
    },
    "node_modules/tiddlywiki": {
      "version": "5.3.8",
      "resolved": "https://registry.npmjs.org/tiddlywiki/-/tiddlywiki-5.3.8.tgz",
      "integrity": "sha512-T25acZfdhAX/lUVPY/9SXo7bMJKgSaMs5PDOb83S2WKbTCD7DnOUQ4aC3qDy0j5XqlCn4ih3mzMWct3xnQx+Mw==",
      "bin": {
        "tiddlywiki": "tiddlywiki.js"
      },
      "engines": {
        "node": ">=0.8.2"
      }
    },
    "node_modules/tw5-relink": {
      "version": "2.5.2",
      "resolved": "git+ssh://git@github.com/flibbles/tw5-relink.git#c0873bab93e4bf9160d3bb56655da27654e0799f",
      "dev": true,
      "license": "BSD-3-Clause",
      "dependencies": {
        "tiddlywiki": "^5.1.22"
      }
    },
    "node_modules/tw5-vis-network": {
      "version": "10.5.4",
      "resolved": "git+ssh://git@github.com/flibbles/tw5-vis-network.git#eefaced851e20458d0a6daf49fa1e04aedf45fea",
      "dev": true,
      "license": "BSD-3-Clause"
    }
  }
}
